
Microsoft Visual Studio Solution File, Format Version 12.00
# Visual Studio Version 17
VisualStudioVersion = 17.3.32901.215
MinimumVisualStudioVersion = 10.0.40219.1
Project("{FAE04EC0-301F-11D3-BF4B-00C04F79EFBC}") = "Красный 2", "Красный 2\Красный 2.csproj", "{FF369422-A61E-4FDC-ADD5-0B3FC0C3AF03}"
EndProject
Global
	GlobalSection(SolutionConfigurationPlatforms) = preSolution
		Debug|Any CPU = Debug|Any CPU
		Release|Any CPU = Release|Any CPU
	EndGlobalSection
	GlobalSection(ProjectConfigurationPlatforms) = postSolution
		{FF369422-A61E-4FDC-ADD5-0B3FC0C3AF03}.Debug|Any CPU.ActiveCfg = Debug|Any CPU
		{FF369422-A61E-4FDC-ADD5-0B3FC0C3AF03}.Debug|Any CPU.Build.0 = Debug|Any CPU
		{FF369422-A61E-4FDC-ADD5-0B3FC0C3AF03}.Release|Any CPU.ActiveCfg = Release|Any CPU
		{FF369422-A61E-4FDC-ADD5-0B3FC0C3AF03}.Release|Any CPU.Build.0 = Release|Any CPU
	EndGlobalSection
	GlobalSection(SolutionProperties) = preSolution
		HideSolutionNode = FALSE
	EndGlobalSection
	GlobalSection(ExtensibilityGlobals) = postSolution
		SolutionGuid = {B0B86663-C793-4EBE-97BE-45FAF802AABF}
	EndGlobalSection
EndGlobal
